
Microsoft Visual Studio Solution File, Format Version 12.00
# Visual Studio Express 2013 for Windows Desktop
VisualStudioVersion = 12.0.40629.0
MinimumVisualStudioVersion = 10.0.40219.1
Project("{FAE04EC0-301F-11D3-BF4B-00C04F79EFBC}") = "highwayns", "highwayns.csproj", "{1063A900-1D0F-4638-A861-08592854530E}"
EndProject
Project("{FAE04EC0-301F-11D3-BF4B-00C04F79EFBC}") = "HtmlAgilityPack-4.0", "HtmlAgilityPack\HtmlAgilityPack-4.0.csproj", "{1028002A-BBE2-4FF2-94B7-A8368A8F6887}"
EndProject
Project("{FAE04EC0-301F-11D3-BF4B-00C04F79EFBC}") = "Weaver", "Weaver\Weaver.csproj", "{73CC20DA-ADEF-45EF-9AB4-62D0592CB234}"
EndProject
Global
	GlobalSection(SolutionConfigurationPlatforms) = preSolution
		Debug|Any CPU = Debug|Any CPU
		Debug|Mixed Platforms = Debug|Mixed Platforms
		Debug|x86 = Debug|x86
		Release|Any CPU = Release|Any CPU
		Release|Mixed Platforms = Release|Mixed Platforms
		Release|x86 = Release|x86
	EndGlobalSection
	GlobalSection(ProjectConfigurationPlatforms) = postSolution
		{1063A900-1D0F-4638-A861-08592854530E}.Debug|Any CPU.ActiveCfg = Debug|x86
		{1063A900-1D0F-4638-A861-08592854530E}.Debug|Mixed Platforms.ActiveCfg = Debug|x86
		{1063A900-1D0F-4638-A861-08592854530E}.Debug|Mixed Platforms.Build.0 = Debug|x86
		{1063A900-1D0F-4638-A861-08592854530E}.Debug|x86.ActiveCfg = Debug|x86
		{1063A900-1D0F-4638-A861-08592854530E}.Debug|x86.Build.0 = Debug|x86
		{1063A900-1D0F-4638-A861-08592854530E}.Release|Any CPU.ActiveCfg = Release|x86
		{1063A900-1D0F-4638-A861-08592854530E}.Release|Mixed Platforms.ActiveCfg = Release|x86
		{1063A900-1D0F-4638-A861-08592854530E}.Release|Mixed Platforms.Build.0 = Release|x86
		{1063A900-1D0F-4638-A861-08592854530E}.Release|x86.ActiveCfg = Release|x86
		{1063A900-1D0F-4638-A861-08592854530E}.Release|x86.Build.0 = Release|x86
		{1028002A-BBE2-4FF2-94B7-A8368A8F6887}.Debug|Any CPU.ActiveCfg = Debug|Any CPU
		{1028002A-BBE2-4FF2-94B7-A8368A8F6887}.Debug|Any CPU.Build.0 = Debug|Any CPU
		{1028002A-BBE2-4FF2-94B7-A8368A8F6887}.Debug|Mixed Platforms.ActiveCfg = Debug|Any CPU
		{1028002A-BBE2-4FF2-94B7-A8368A8F6887}.Debug|Mixed Platforms.Build.0 = Debug|Any CPU
		{1028002A-BBE2-4FF2-94B7-A8368A8F6887}.Debug|x86.ActiveCfg = Debug|Any CPU
		{1028002A-BBE2-4FF2-94B7-A8368A8F6887}.Release|Any CPU.ActiveCfg = Release|Any CPU
		{1028002A-BBE2-4FF2-94B7-A8368A8F6887}.Release|Any CPU.Build.0 = Release|Any CPU
		{1028002A-BBE2-4FF2-94B7-A8368A8F6887}.Release|Mixed Platforms.ActiveCfg = Release|Any CPU
		{1028002A-BBE2-4FF2-94B7-A8368A8F6887}.Release|Mixed Platforms.Build.0 = Release|Any CPU
		{1028002A-BBE2-4FF2-94B7-A8368A8F6887}.Release|x86.ActiveCfg = Release|Any CPU
		{73CC20DA-ADEF-45EF-9AB4-62D0592CB234}.Debug|Any CPU.ActiveCfg = Debug|Any CPU
		{73CC20DA-ADEF-45EF-9AB4-62D0592CB234}.Debug|Any CPU.Build.0 = Debug|Any CPU
		{73CC20DA-ADEF-45EF-9AB4-62D0592CB234}.Debug|Mixed Platforms.ActiveCfg = Debug|Any CPU
		{73CC20DA-ADEF-45EF-9AB4-62D0592CB234}.Debug|Mixed Platforms.Build.0 = Debug|Any CPU
		{73CC20DA-ADEF-45EF-9AB4-62D0592CB234}.Debug|x86.ActiveCfg = Debug|Any CPU
		{73CC20DA-ADEF-45EF-9AB4-62D0592CB234}.Release|Any CPU.ActiveCfg = Release|Any CPU
		{73CC20DA-ADEF-45EF-9AB4-62D0592CB234}.Release|Any CPU.Build.0 = Release|Any CPU
		{73CC20DA-ADEF-45EF-9AB4-62D0592CB234}.Release|Mixed Platforms.ActiveCfg = Release|Any CPU
		{73CC20DA-ADEF-45EF-9AB4-62D0592CB234}.Release|Mixed Platforms.Build.0 = Release|Any CPU
		{73CC20DA-ADEF-45EF-9AB4-62D0592CB234}.Release|x86.ActiveCfg = Release|Any CPU
	EndGlobalSection
	GlobalSection(SolutionProperties) = preSolution
		HideSolutionNode = FALSE
	EndGlobalSection
EndGlobal
