
Microsoft Visual Studio Solution File, Format Version 10.00
# Visual Studio 2008
Project("{FAE04EC0-301F-11D3-BF4B-00C04F79EFBC}") = "WeiBeeCommon2008", "WeiBeeCommon\WeiBeeCommon2008.csproj", "{ADD81DE4-667B-4808-89DF-678D6E9FD34E}"
EndProject
Project("{E24C65DC-7377-472B-9ABA-BC803B73C61A}") = "DemoWeb", "DemoWeb\", "{D5AE9F2F-CC70-4EFA-A5F4-B5AADBF15556}"
	ProjectSection(WebsiteProperties) = preProject
		TargetFramework = "3.5"
		Debug.AspNetCompiler.VirtualPath = "/DemoWeb"
		Debug.AspNetCompiler.PhysicalPath = "DemoWeb\"
		Debug.AspNetCompiler.TargetPath = "PrecompiledWeb\DemoWeb\"
		Debug.AspNetCompiler.Updateable = "true"
		Debug.AspNetCompiler.ForceOverwrite = "true"
		Debug.AspNetCompiler.FixedNames = "false"
		Debug.AspNetCompiler.Debug = "True"
		Release.AspNetCompiler.VirtualPath = "/DemoWeb"
		Release.AspNetCompiler.PhysicalPath = "DemoWeb\"
		Release.AspNetCompiler.TargetPath = "PrecompiledWeb\DemoWeb\"
		Release.AspNetCompiler.Updateable = "true"
		Release.AspNetCompiler.ForceOverwrite = "true"
		Release.AspNetCompiler.FixedNames = "false"
		Release.AspNetCompiler.Debug = "False"
		VWDPort = "60001"
	EndProjectSection
EndProject
Global
	GlobalSection(SolutionConfigurationPlatforms) = preSolution
		Debug|Any CPU = Debug|Any CPU
		Release|Any CPU = Release|Any CPU
	EndGlobalSection
	GlobalSection(ProjectConfigurationPlatforms) = postSolution
		{ADD81DE4-667B-4808-89DF-678D6E9FD34E}.Debug|Any CPU.ActiveCfg = Debug|Any CPU
		{ADD81DE4-667B-4808-89DF-678D6E9FD34E}.Debug|Any CPU.Build.0 = Debug|Any CPU
		{ADD81DE4-667B-4808-89DF-678D6E9FD34E}.Release|Any CPU.ActiveCfg = Release|Any CPU
		{ADD81DE4-667B-4808-89DF-678D6E9FD34E}.Release|Any CPU.Build.0 = Release|Any CPU
		{D5AE9F2F-CC70-4EFA-A5F4-B5AADBF15556}.Debug|Any CPU.ActiveCfg = Debug|Any CPU
		{D5AE9F2F-CC70-4EFA-A5F4-B5AADBF15556}.Debug|Any CPU.Build.0 = Debug|Any CPU
		{D5AE9F2F-CC70-4EFA-A5F4-B5AADBF15556}.Release|Any CPU.ActiveCfg = Debug|Any CPU
		{D5AE9F2F-CC70-4EFA-A5F4-B5AADBF15556}.Release|Any CPU.Build.0 = Debug|Any CPU
	EndGlobalSection
	GlobalSection(SolutionProperties) = preSolution
		HideSolutionNode = FALSE
	EndGlobalSection
EndGlobal
