
Microsoft Visual Studio Solution File, Format Version 11.00
# Visual Studio 2010
Project("{FAE04EC0-301F-11D3-BF4B-00C04F79EFBC}") = "QAPITool", "QAPITool\QAPITool.csproj", "{ABF5B4FF-BB1F-442C-A079-0C7D4B262CBF}"
	ProjectSection(ProjectDependencies) = postProject
		{91F5A411-031C-49D9-9743-F3DED1333F58} = {91F5A411-031C-49D9-9743-F3DED1333F58}
	EndProjectSection
EndProject
Project("{FAE04EC0-301F-11D3-BF4B-00C04F79EFBC}") = "QWeiboSDK", "Source\QWeiboSDK.csproj", "{91F5A411-031C-49D9-9743-F3DED1333F58}"
EndProject
Global
	GlobalSection(SolutionConfigurationPlatforms) = preSolution
		Debug|Any CPU = Debug|Any CPU
		Debug|Mixed Platforms = Debug|Mixed Platforms
		Debug|Win32 = Debug|Win32
		Release|Any CPU = Release|Any CPU
		Release|Mixed Platforms = Release|Mixed Platforms
		Release|Win32 = Release|Win32
	EndGlobalSection
	GlobalSection(ProjectConfigurationPlatforms) = postSolution
		{ABF5B4FF-BB1F-442C-A079-0C7D4B262CBF}.Debug|Any CPU.ActiveCfg = Debug|Any CPU
		{ABF5B4FF-BB1F-442C-A079-0C7D4B262CBF}.Debug|Any CPU.Build.0 = Debug|Any CPU
		{ABF5B4FF-BB1F-442C-A079-0C7D4B262CBF}.Debug|Mixed Platforms.ActiveCfg = Debug|Any CPU
		{ABF5B4FF-BB1F-442C-A079-0C7D4B262CBF}.Debug|Mixed Platforms.Build.0 = Debug|Any CPU
		{ABF5B4FF-BB1F-442C-A079-0C7D4B262CBF}.Debug|Win32.ActiveCfg = Debug|Any CPU
		{ABF5B4FF-BB1F-442C-A079-0C7D4B262CBF}.Release|Any CPU.ActiveCfg = Release|Any CPU
		{ABF5B4FF-BB1F-442C-A079-0C7D4B262CBF}.Release|Any CPU.Build.0 = Release|Any CPU
		{ABF5B4FF-BB1F-442C-A079-0C7D4B262CBF}.Release|Mixed Platforms.ActiveCfg = Release|Any CPU
		{ABF5B4FF-BB1F-442C-A079-0C7D4B262CBF}.Release|Mixed Platforms.Build.0 = Release|Any CPU
		{ABF5B4FF-BB1F-442C-A079-0C7D4B262CBF}.Release|Win32.ActiveCfg = Release|Any CPU
		{91F5A411-031C-49D9-9743-F3DED1333F58}.Debug|Any CPU.ActiveCfg = Debug|Any CPU
		{91F5A411-031C-49D9-9743-F3DED1333F58}.Debug|Any CPU.Build.0 = Debug|Any CPU
		{91F5A411-031C-49D9-9743-F3DED1333F58}.Debug|Mixed Platforms.ActiveCfg = Debug|Any CPU
		{91F5A411-031C-49D9-9743-F3DED1333F58}.Debug|Mixed Platforms.Build.0 = Debug|Any CPU
		{91F5A411-031C-49D9-9743-F3DED1333F58}.Debug|Win32.ActiveCfg = Debug|Any CPU
		{91F5A411-031C-49D9-9743-F3DED1333F58}.Release|Any CPU.ActiveCfg = Release|Any CPU
		{91F5A411-031C-49D9-9743-F3DED1333F58}.Release|Any CPU.Build.0 = Release|Any CPU
		{91F5A411-031C-49D9-9743-F3DED1333F58}.Release|Mixed Platforms.ActiveCfg = Release|Any CPU
		{91F5A411-031C-49D9-9743-F3DED1333F58}.Release|Mixed Platforms.Build.0 = Release|Any CPU
		{91F5A411-031C-49D9-9743-F3DED1333F58}.Release|Win32.ActiveCfg = Release|Any CPU
	EndGlobalSection
	GlobalSection(SolutionProperties) = preSolution
		HideSolutionNode = FALSE
	EndGlobalSection
EndGlobal
